// !$*UTF8*$!
{
	archiveVersion = 1;
	classes = {
	};
	objectVersion = 50;
	objects = {

/* Begin PBXBuildFile section */
		8413B75024D2999800B8FA6B /* BankingApp.swift in Sources */ = {isa = PBXBuildFile; fileRef = 8413B74F24D2999800B8FA6B /* BankingApp.swift */; };
		8413B75224D2999800B8FA6B /* ContentView.swift in Sources */ = {isa = PBXBuildFile; fileRef = 8413B75124D2999800B8FA6B /* ContentView.swift */; };
		8413B75424D2999A00B8FA6B /* Assets.xcassets in Resources */ = {isa = PBXBuildFile; fileRef = 8413B75324D2999A00B8FA6B /* Assets.xcassets */; };
		8413B75724D2999A00B8FA6B /* Preview Assets.xcassets in Resources */ = {isa = PBXBuildFile; fileRef = 8413B75624D2999A00B8FA6B /* Preview Assets.xcassets */; };
		848660EB24D532760038A4F8 /* ColorConstants.swift in Sources */ = {isa = PBXBuildFile; fileRef = 848660EA24D532760038A4F8 /* ColorConstants.swift */; };
		848660ED24D536540038A4F8 /* Models.swift in Sources */ = {isa = PBXBuildFile; fileRef = 848660EC24D536540038A4F8 /* Models.swift */; };
		848660EF24D537C60038A4F8 /* Data.swift in Sources */ = {isa = PBXBuildFile; fileRef = 848660EE24D537C60038A4F8 /* Data.swift */; };
		848660F124D53C0F0038A4F8 /* PagerView.swift in Sources */ = {isa = PBXBuildFile; fileRef = 848660F024D53C0F0038A4F8 /* PagerView.swift */; };
		848660F324D53FF60038A4F8 /* CardView.swift in Sources */ = {isa = PBXBuildFile; fileRef = 848660F224D53FF60038A4F8 /* CardView.swift */; };
		848660F524D543780038A4F8 /* MenuHeaderView.swift in Sources */ = {isa = PBXBuildFile; fileRef = 848660F424D543780038A4F8 /* MenuHeaderView.swift */; };
		848660F724D544310038A4F8 /* CardManager.swift in Sources */ = {isa = PBXBuildFile; fileRef = 848660F624D544310038A4F8 /* CardManager.swift */; };
		848660F924D5582F0038A4F8 /* TransactionListView.swift in Sources */ = {isa = PBXBuildFile; fileRef = 848660F824D5582F0038A4F8 /* TransactionListView.swift */; };
		848660FD24D564540038A4F8 /* CardInfoView.swift in Sources */ = {isa = PBXBuildFile; fileRef = 848660FC24D564540038A4F8 /* CardInfoView.swift */; };
		848660FF24D584230038A4F8 /* CardDetailView.swift in Sources */ = {isa = PBXBuildFile; fileRef = 848660FE24D584230038A4F8 /* CardDetailView.swift */; };
		8486610124D584610038A4F8 /* ExpenceView.swift in Sources */ = {isa = PBXBuildFile; fileRef = 8486610024D584610038A4F8 /* ExpenceView.swift */; };
		8486610324D584810038A4F8 /* ExpenceGraphView.swift in Sources */ = {isa = PBXBuildFile; fileRef = 8486610224D584810038A4F8 /* ExpenceGraphView.swift */; };
/* End PBXBuildFile section */

/* Begin PBXFileReference section */
		8413B74C24D2999800B8FA6B /* Banking.app */ = {isa = PBXFileReference; explicitFileType = wrapper.application; includeInIndex = 0; path = Banking.app; sourceTree = BUILT_PRODUCTS_DIR; };
		8413B74F24D2999800B8FA6B /* BankingApp.swift */ = {isa = PBXFileReference; lastKnownFileType = sourcecode.swift; path = BankingApp.swift; sourceTree = "<group>"; };
		8413B75124D2999800B8FA6B /* ContentView.swift */ = {isa = PBXFileReference; lastKnownFileType = sourcecode.swift; path = ContentView.swift; sourceTree = "<group>"; };
		8413B75324D2999A00B8FA6B /* Assets.xcassets */ = {isa = PBXFileReference; lastKnownFileType = folder.assetcatalog; path = Assets.xcassets; sourceTree = "<group>"; };
		8413B75624D2999A00B8FA6B /* Preview Assets.xcassets */ = {isa = PBXFileReference; lastKnownFileType = folder.assetcatalog; path = "Preview Assets.xcassets"; sourceTree = "<group>"; };
		8413B75824D2999A00B8FA6B /* Info.plist */ = {isa = PBXFileReference; lastKnownFileType = text.plist.xml; path = Info.plist; sourceTree = "<group>"; };
		848660EA24D532760038A4F8 /* ColorConstants.swift */ = {isa = PBXFileReference; lastKnownFileType = sourcecode.swift; path = ColorConstants.swift; sourceTree = "<group>"; };
		848660EC24D536540038A4F8 /* Models.swift */ = {isa = PBXFileReference; lastKnownFileType = sourcecode.swift; path = Models.swift; sourceTree = "<group>"; };
		848660EE24D537C60038A4F8 /* Data.swift */ = {isa = PBXFileReference; lastKnownFileType = sourcecode.swift; path = Data.swift; sourceTree = "<group>"; };
		848660F024D53C0F0038A4F8 /* PagerView.swift */ = {isa = PBXFileReference; lastKnownFileType = sourcecode.swift; path = PagerView.swift; sourceTree = "<group>"; };
		848660F224D53FF60038A4F8 /* CardView.swift */ = {isa = PBXFileReference; lastKnownFileType = sourcecode.swift; path = CardView.swift; sourceTree = "<group>"; };
		848660F424D543780038A4F8 /* MenuHeaderView.swift */ = {isa = PBXFileReference; lastKnownFileType = sourcecode.swift; path = MenuHeaderView.swift; sourceTree = "<group>"; };
		848660F624D544310038A4F8 /* CardManager.swift */ = {isa = PBXFileReference; lastKnownFileType = sourcecode.swift; path = CardManager.swift; sourceTree = "<group>"; };
		848660F824D5582F0038A4F8 /* TransactionListView.swift */ = {isa = PBXFileReference; lastKnownFileType = sourcecode.swift; path = TransactionListView.swift; sourceTree = "<group>"; };
		848660FC24D564540038A4F8 /* CardInfoView.swift */ = {isa = PBXFileReference; lastKnownFileType = sourcecode.swift; path = CardInfoView.swift; sourceTree = "<group>"; };
		848660FE24D584230038A4F8 /* CardDetailView.swift */ = {isa = PBXFileReference; lastKnownFileType = sourcecode.swift; path = CardDetailView.swift; sourceTree = "<group>"; };
		8486610024D584610038A4F8 /* ExpenceView.swift */ = {isa = PBXFileReference; lastKnownFileType = sourcecode.swift; path = ExpenceView.swift; sourceTree = "<group>"; };
		8486610224D584810038A4F8 /* ExpenceGraphView.swift */ = {isa = PBXFileReference; lastKnownFileType = sourcecode.swift; path = ExpenceGraphView.swift; sourceTree = "<group>"; };
/* End PBXFileReference section */

/* Begin PBXFrameworksBuildPhase section */
		8413B74924D2999800B8FA6B /* Frameworks */ = {
			isa = PBXFrameworksBuildPhase;
			buildActionMask = 2147483647;
			files = (
			);
			runOnlyForDeploymentPostprocessing = 0;
		};
/* End PBXFrameworksBuildPhase section */

/* Begin PBXGroup section */
		8413B74324D2999800B8FA6B = {
			isa = PBXGroup;
			children = (
				8413B74E24D2999800B8FA6B /* Banking */,
				8413B74D24D2999800B8FA6B /* Products */,
			);
			sourceTree = "<group>";
		};
		8413B74D24D2999800B8FA6B /* Products */ = {
			isa = PBXGroup;
			children = (
				8413B74C24D2999800B8FA6B /* Banking.app */,
			);
			name = Products;
			sourceTree = "<group>";
		};
		8413B74E24D2999800B8FA6B /* Banking */ = {
			isa = PBXGroup;
			children = (
				8413B74F24D2999800B8FA6B /* BankingApp.swift */,
				8413B75124D2999800B8FA6B /* ContentView.swift */,
				8486610424D584E60038A4F8 /* CardDetail */,
				848660F824D5582F0038A4F8 /* TransactionListView.swift */,
				848660F624D544310038A4F8 /* CardManager.swift */,
				848660F424D543780038A4F8 /* MenuHeaderView.swift */,
				848660F224D53FF60038A4F8 /* CardView.swift */,
				848660F024D53C0F0038A4F8 /* PagerView.swift */,
				848660EC24D536540038A4F8 /* Models.swift */,
				848660EE24D537C60038A4F8 /* Data.swift */,
				848660EA24D532760038A4F8 /* ColorConstants.swift */,
				8413B75324D2999A00B8FA6B /* Assets.xcassets */,
				8413B75824D2999A00B8FA6B /* Info.plist */,
				8413B75524D2999A00B8FA6B /* Preview Content */,
			);
			path = Banking;
			sourceTree = "<group>";
		};
		8413B75524D2999A00B8FA6B /* Preview Content */ = {
			isa = PBXGroup;
			children = (
				8413B75624D2999A00B8FA6B /* Preview Assets.xcassets */,
			);
			path = "Preview Content";
			sourceTree = "<group>";
		};
		8486610424D584E60038A4F8 /* CardDetail */ = {
			isa = PBXGroup;
			children = (
				8486610224D584810038A4F8 /* ExpenceGraphView.swift */,
				8486610024D584610038A4F8 /* ExpenceView.swift */,
				848660FE24D584230038A4F8 /* CardDetailView.swift */,
				848660FC24D564540038A4F8 /* CardInfoView.swift */,
			);
			path = CardDetail;
			sourceTree = "<group>";
		};
/* End PBXGroup section */

/* Begin PBXNativeTarget section */
		8413B74B24D2999800B8FA6B /* Banking */ = {
			isa = PBXNativeTarget;
			buildConfigurationList = 8413B75B24D2999A00B8FA6B /* Build configuration list for PBXNativeTarget "Banking" */;
			buildPhases = (
				8413B74824D2999800B8FA6B /* Sources */,
				8413B74924D2999800B8FA6B /* Frameworks */,
				8413B74A24D2999800B8FA6B /* Resources */,
			);
			buildRules = (
			);
			dependencies = (
			);
			name = Banking;
			productName = Banking;
			productReference = 8413B74C24D2999800B8FA6B /* Banking.app */;
			productType = "com.apple.product-type.application";
		};
/* End PBXNativeTarget section */

/* Begin PBXProject section */
		8413B74424D2999800B8FA6B /* Project object */ = {
			isa = PBXProject;
			attributes = {
				LastSwiftUpdateCheck = 1200;
				LastUpgradeCheck = 1200;
				TargetAttributes = {
					8413B74B24D2999800B8FA6B = {
						CreatedOnToolsVersion = 12.0;
					};
				};
			};
			buildConfigurationList = 8413B74724D2999800B8FA6B /* Build configuration list for PBXProject "Banking" */;
			compatibilityVersion = "Xcode 9.3";
			developmentRegion = en;
			hasScannedForEncodings = 0;
			knownRegions = (
				en,
				Base,
			);
			mainGroup = 8413B74324D2999800B8FA6B;
			productRefGroup = 8413B74D24D2999800B8FA6B /* Products */;
			projectDirPath = "";
			projectRoot = "";
			targets = (
				8413B74B24D2999800B8FA6B /* Banking */,
			);
		};
/* End PBXProject section */

/* Begin PBXResourcesBuildPhase section */
		8413B74A24D2999800B8FA6B /* Resources */ = {
			isa = PBXResourcesBuildPhase;
			buildActionMask = 2147483647;
			files = (
				8413B75724D2999A00B8FA6B /* Preview Assets.xcassets in Resources */,
				8413B75424D2999A00B8FA6B /* Assets.xcassets in Resources */,
			);
			runOnlyForDeploymentPostprocessing = 0;
		};
/* End PBXResourcesBuildPhase section */

/* Begin PBXSourcesBuildPhase section */
		8413B74824D2999800B8FA6B /* Sources */ = {
			isa = PBXSourcesBuildPhase;
			buildActionMask = 2147483647;
			files = (
				8486610324D584810038A4F8 /* ExpenceGraphView.swift in Sources */,
				8486610124D584610038A4F8 /* ExpenceView.swift in Sources */,
				848660F524D543780038A4F8 /* MenuHeaderView.swift in Sources */,
				848660F324D53FF60038A4F8 /* CardView.swift in Sources */,
				848660EB24D532760038A4F8 /* ColorConstants.swift in Sources */,
				848660FF24D584230038A4F8 /* CardDetailView.swift in Sources */,
				848660EF24D537C60038A4F8 /* Data.swift in Sources */,
				8413B75224D2999800B8FA6B /* ContentView.swift in Sources */,
				848660F724D544310038A4F8 /* CardManager.swift in Sources */,
				8413B75024D2999800B8FA6B /* BankingApp.swift in Sources */,
				848660F924D5582F0038A4F8 /* TransactionListView.swift in Sources */,
				848660FD24D564540038A4F8 /* CardInfoView.swift in Sources */,
				848660F124D53C0F0038A4F8 /* PagerView.swift in Sources */,
				848660ED24D536540038A4F8 /* Models.swift in Sources */,
			);
			runOnlyForDeploymentPostprocessing = 0;
		};
/* End PBXSourcesBuildPhase section */

/* Begin XCBuildConfiguration section */
		8413B75924D2999A00B8FA6B /* Debug */ = {
			isa = XCBuildConfiguration;
			buildSettings = {
				ALWAYS_SEARCH_USER_PATHS = NO;
				CLANG_ANALYZER_NONNULL = YES;
				CLANG_ANALYZER_NUMBER_OBJECT_CONVERSION = YES_AGGRESSIVE;
				CLANG_CXX_LANGUAGE_STANDARD = "gnu++14";
				CLANG_CXX_LIBRARY = "libc++";
				CLANG_ENABLE_MODULES = YES;
				CLANG_ENABLE_OBJC_ARC = YES;
				CLANG_ENABLE_OBJC_WEAK = YES;
				CLANG_WARN_BLOCK_CAPTURE_AUTORELEASING = YES;
				CLANG_WARN_BOOL_CONVERSION = YES;
				CLANG_WARN_COMMA = YES;
				CLANG_WARN_CONSTANT_CONVERSION = YES;
				CLANG_WARN_DEPRECATED_OBJC_IMPLEMENTATIONS = YES;
				CLANG_WARN_DIRECT_OBJC_ISA_USAGE = YES_ERROR;
				CLANG_WARN_DOCUMENTATION_COMMENTS = YES;
				CLANG_WARN_EMPTY_BODY = YES;
				CLANG_WARN_ENUM_CONVERSION = YES;
				CLANG_WARN_INFINITE_RECURSION = YES;
				CLANG_WARN_INT_CONVERSION = YES;
				CLANG_WARN_NON_LITERAL_NULL_CONVERSION = YES;
				CLANG_WARN_OBJC_IMPLICIT_RETAIN_SELF = YES;
				CLANG_WARN_OBJC_LITERAL_CONVERSION = YES;
				CLANG_WARN_OBJC_ROOT_CLASS = YES_ERROR;
				CLANG_WARN_QUOTED_INCLUDE_IN_FRAMEWORK_HEADER = YES;
				CLANG_WARN_RANGE_LOOP_ANALYSIS = YES;
				CLANG_WARN_STRICT_PROTOTYPES = YES;
				CLANG_WARN_SUSPICIOUS_MOVE = YES;
				CLANG_WARN_UNGUARDED_AVAILABILITY = YES_AGGRESSIVE;
				CLANG_WARN_UNREACHABLE_CODE = YES;
				CLANG_WARN__DUPLICATE_METHOD_MATCH = YES;
				COPY_PHASE_STRIP = NO;
				DEBUG_INFORMATION_FORMAT = dwarf;
				ENABLE_STRICT_OBJC_MSGSEND = YES;
				ENABLE_TESTABILITY = YES;
				GCC_C_LANGUAGE_STANDARD = gnu11;
				GCC_DYNAMIC_NO_PIC = NO;
				GCC_NO_COMMON_BLOCKS = YES;
				GCC_OPTIMIZATION_LEVEL = 0;
				GCC_PREPROCESSOR_DEFINITIONS = (
					"DEBUG=1",
					"$(inherited)",
				);
				GCC_WARN_64_TO_32_BIT_CONVERSION = YES;
				GCC_WARN_ABOUT_RETURN_TYPE = YES_ERROR;
				GCC_WARN_UNDECLARED_SELECTOR = YES;
				GCC_WARN_UNINITIALIZED_AUTOS = YES_AGGRESSIVE;
				GCC_WARN_UNUSED_FUNCTION = YES;
				GCC_WARN_UNUSED_VARIABLE = YES;
				IPHONEOS_DEPLOYMENT_TARGET = 14.0;
				MTL_ENABLE_DEBUG_INFO = INCLUDE_SOURCE;
				MTL_FAST_MATH = YES;
				ONLY_ACTIVE_ARCH = YES;
				SDKROOT = iphoneos;
				SWIFT_ACTIVE_COMPILATION_CONDITIONS = DEBUG;
				SWIFT_OPTIMIZATION_LEVEL = "-Onone";
			};
			name = Debug;
		};
		8413B75A24D2999A00B8FA6B /* Release */ = {
			isa = XCBuildConfiguration;
			buildSettings = {
				ALWAYS_SEARCH_USER_PATHS = NO;
				CLANG_ANALYZER_NONNULL = YES;
				CLANG_ANALYZER_NUMBER_OBJECT_CONVERSION = YES_AGGRESSIVE;
				CLANG_CXX_LANGUAGE_STANDARD = "gnu++14";
				CLANG_CXX_LIBRARY = "libc++";
				CLANG_ENABLE_MODULES = YES;
				CLANG_ENABLE_OBJC_ARC = YES;
				CLANG_ENABLE_OBJC_WEAK = YES;
				CLANG_WARN_BLOCK_CAPTURE_AUTORELEASING = YES;
				CLANG_WARN_BOOL_CONVERSION = YES;
				CLANG_WARN_COMMA = YES;
				CLANG_WARN_CONSTANT_CONVERSION = YES;
				CLANG_WARN_DEPRECATED_OBJC_IMPLEMENTATIONS = YES;
				CLANG_WARN_DIRECT_OBJC_ISA_USAGE = YES_ERROR;
				CLANG_WARN_DOCUMENTATION_COMMENTS = YES;
				CLANG_WARN_EMPTY_BODY = YES;
				CLANG_WARN_ENUM_CONVERSION = YES;
				CLANG_WARN_INFINITE_RECURSION = YES;
				CLANG_WARN_INT_CONVERSION = YES;
				CLANG_WARN_NON_LITERAL_NULL_CONVERSION = YES;
				CLANG_WARN_OBJC_IMPLICIT_RETAIN_SELF = YES;
				CLANG_WARN_OBJC_LITERAL_CONVERSION = YES;
				CLANG_WARN_OBJC_ROOT_CLASS = YES_ERROR;
				CLANG_WARN_QUOTED_INCLUDE_IN_FRAMEWORK_HEADER = YES;
				CLANG_WARN_RANGE_LOOP_ANALYSIS = YES;
				CLANG_WARN_STRICT_PROTOTYPES = YES;
				CLANG_WARN_SUSPICIOUS_MOVE = YES;
				CLANG_WARN_UNGUARDED_AVAILABILITY = YES_AGGRESSIVE;
				CLANG_WARN_UNREACHABLE_CODE = YES;
				CLANG_WARN__DUPLICATE_METHOD_MATCH = YES;
				COPY_PHASE_STRIP = NO;
				DEBUG_INFORMATION_FORMAT = "dwarf-with-dsym";
				ENABLE_NS_ASSERTIONS = NO;
				ENABLE_STRICT_OBJC_MSGSEND = YES;
				GCC_C_LANGUAGE_STANDARD = gnu11;
				GCC_NO_COMMON_BLOCKS = YES;
				GCC_WARN_64_TO_32_BIT_CONVERSION = YES;
				GCC_WARN_ABOUT_RETURN_TYPE = YES_ERROR;
				GCC_WARN_UNDECLARED_SELECTOR = YES;
				GCC_WARN_UNINITIALIZED_AUTOS = YES_AGGRESSIVE;
				GCC_WARN_UNUSED_FUNCTION = YES;
				GCC_WARN_UNUSED_VARIABLE = YES;
				IPHONEOS_DEPLOYMENT_TARGET = 14.0;
				MTL_ENABLE_DEBUG_INFO = NO;
				MTL_FAST_MATH = YES;
				SDKROOT = iphoneos;
				SWIFT_COMPILATION_MODE = wholemodule;
				SWIFT_OPTIMIZATION_LEVEL = "-O";
				VALIDATE_PRODUCT = YES;
			};
			name = Release;
		};
		8413B75C24D2999A00B8FA6B /* Debug */ = {
			isa = XCBuildConfiguration;
			buildSettings = {
				ASSETCATALOG_COMPILER_APPICON_NAME = AppIcon;
				ASSETCATALOG_COMPILER_GLOBAL_ACCENT_COLOR_NAME = AccentColor;
				CODE_SIGN_STYLE = Automatic;
				DEVELOPMENT_ASSET_PATHS = "\"Banking/Preview Content\"";
				DEVELOPMENT_TEAM = 3EYUW49QFV;
				ENABLE_PREVIEWS = YES;
				INFOPLIST_FILE = Banking/Info.plist;
				IPHONEOS_DEPLOYMENT_TARGET = 14.0;
				LD_RUNPATH_SEARCH_PATHS = (
					"$(inherited)",
					"@executable_path/Frameworks",
				);
				PRODUCT_BUNDLE_IDENTIFIER = com.a7studio.Banking;
				PRODUCT_NAME = "$(TARGET_NAME)";
				SWIFT_VERSION = 5.0;
				TARGETED_DEVICE_FAMILY = "1,2";
			};
			name = Debug;
		};
		8413B75D24D2999A00B8FA6B /* Release */ = {
			isa = XCBuildConfiguration;
			buildSettings = {
				ASSETCATALOG_COMPILER_APPICON_NAME = AppIcon;
				ASSETCATALOG_COMPILER_GLOBAL_ACCENT_COLOR_NAME = AccentColor;
				CODE_SIGN_STYLE = Automatic;
				DEVELOPMENT_ASSET_PATHS = "\"Banking/Preview Content\"";
				DEVELOPMENT_TEAM = 3EYUW49QFV;
				ENABLE_PREVIEWS = YES;
				INFOPLIST_FILE = Banking/Info.plist;
				IPHONEOS_DEPLOYMENT_TARGET = 14.0;
				LD_RUNPATH_SEARCH_PATHS = (
					"$(inherited)",
					"@executable_path/Frameworks",
				);
				PRODUCT_BUNDLE_IDENTIFIER = com.a7studio.Banking;
				PRODUCT_NAME = "$(TARGET_NAME)";
				SWIFT_VERSION = 5.0;
				TARGETED_DEVICE_FAMILY = "1,2";
			};
			name = Release;
		};
/* End XCBuildConfiguration section */

/* Begin XCConfigurationList section */
		8413B74724D2999800B8FA6B /* Build configuration list for PBXProject "Banking" */ = {
			isa = XCConfigurationList;
			buildConfigurations = (
				8413B75924D2999A00B8FA6B /* Debug */,
				8413B75A24D2999A00B8FA6B /* Release */,
			);
			defaultConfigurationIsVisible = 0;
			defaultConfigurationName = Release;
		};
		8413B75B24D2999A00B8FA6B /* Build configuration list for PBXNativeTarget "Banking" */ = {
			isa = XCConfigurationList;
			buildConfigurations = (
				8413B75C24D2999A00B8FA6B /* Debug */,
				8413B75D24D2999A00B8FA6B /* Release */,
			);
			defaultConfigurationIsVisible = 0;
			defaultConfigurationName = Release;
		};
/* End XCConfigurationList section */
	};
	rootObject = 8413B74424D2999800B8FA6B /* Project object */;
}
